
Microsoft Visual Studio Solution File, Format Version 12.00
# Visual Studio 15
VisualStudioVersion = 15.0.28307.902
MinimumVisualStudioVersion = 10.0.40219.1
Project("{FAE04EC0-301F-11D3-BF4B-00C04F79EFBC}") = "tiendaOnline", "tiendaOnline\tiendaOnline.csproj", "{AC7ECFF8-9760-47CE-A8ED-124D4D81EA9C}"
EndProject
Global
	GlobalSection(SolutionConfigurationPlatforms) = preSolution
		Debug|Any CPU = Debug|Any CPU
		Release|Any CPU = Release|Any CPU
	EndGlobalSection
	GlobalSection(ProjectConfigurationPlatforms) = postSolution
		{AC7ECFF8-9760-47CE-A8ED-124D4D81EA9C}.Debug|Any CPU.ActiveCfg = Debug|Any CPU
		{AC7ECFF8-9760-47CE-A8ED-124D4D81EA9C}.Debug|Any CPU.Build.0 = Debug|Any CPU
		{AC7ECFF8-9760-47CE-A8ED-124D4D81EA9C}.Release|Any CPU.ActiveCfg = Release|Any CPU
		{AC7ECFF8-9760-47CE-A8ED-124D4D81EA9C}.Release|Any CPU.Build.0 = Release|Any CPU
	EndGlobalSection
	GlobalSection(SolutionProperties) = preSolution
		HideSolutionNode = FALSE
	EndGlobalSection
	GlobalSection(ExtensibilityGlobals) = postSolution
		SolutionGuid = {B38B751D-A814-43FB-8DF4-95A4544EC829}
	EndGlobalSection
EndGlobal
